
Microsoft Visual Studio Solution File, Format Version 12.00
# Visual Studio 14
VisualStudioVersion = 14.0.24720.0
MinimumVisualStudioVersion = 10.0.40219.1
Project("{FAE04EC0-301F-11D3-BF4B-00C04F79EFBC}") = "Migradoc", "Migradoc\Migradoc.csproj", "{7A5905D3-A5DD-4129-9DC6-41BAB954C78F}"
EndProject
Project("{FAE04EC0-301F-11D3-BF4B-00C04F79EFBC}") = "SvgToPng", "SvgToPng\SvgToPng.csproj", "{B7776DD3-045F-41DA-B8B3-F4EC920BF82E}"
EndProject
Global
	GlobalSection(SolutionConfigurationPlatforms) = preSolution
		Debug|Any CPU = Debug|Any CPU
		Release|Any CPU = Release|Any CPU
	EndGlobalSection
	GlobalSection(ProjectConfigurationPlatforms) = postSolution
		{7A5905D3-A5DD-4129-9DC6-41BAB954C78F}.Debug|Any CPU.ActiveCfg = Debug|Any CPU
		{7A5905D3-A5DD-4129-9DC6-41BAB954C78F}.Debug|Any CPU.Build.0 = Debug|Any CPU
		{7A5905D3-A5DD-4129-9DC6-41BAB954C78F}.Release|Any CPU.ActiveCfg = Release|Any CPU
		{7A5905D3-A5DD-4129-9DC6-41BAB954C78F}.Release|Any CPU.Build.0 = Release|Any CPU
		{B7776DD3-045F-41DA-B8B3-F4EC920BF82E}.Debug|Any CPU.ActiveCfg = Debug|Any CPU
		{B7776DD3-045F-41DA-B8B3-F4EC920BF82E}.Debug|Any CPU.Build.0 = Debug|Any CPU
		{B7776DD3-045F-41DA-B8B3-F4EC920BF82E}.Release|Any CPU.ActiveCfg = Release|Any CPU
		{B7776DD3-045F-41DA-B8B3-F4EC920BF82E}.Release|Any CPU.Build.0 = Release|Any CPU
	EndGlobalSection
	GlobalSection(SolutionProperties) = preSolution
		HideSolutionNode = FALSE
	EndGlobalSection
EndGlobal
